
Microsoft Visual Studio Solution File, Format Version 12.00
# Visual Studio 15
VisualStudioVersion = 15.0.27130.2027
MinimumVisualStudioVersion = 10.0.40219.1
Project("{8BC9CEB8-8B4A-11D0-8D11-00A0C91BC942}") = "PathfindingLib", "PathfindingLib\PathfindingLib.vcxproj", "{36FDCD41-6C46-426B-8038-E2CCBAD4863F}"
EndProject
Project("{8BC9CEB8-8B4A-11D0-8D11-00A0C91BC942}") = "Examples", "Examples\Examples.vcxproj", "{A11BACB3-3E90-4ACE-A641-72DA52A1DFEB}"
EndProject
Global
	GlobalSection(Performance) = preSolution
		HasPerformanceSessions = true
	EndGlobalSection
	GlobalSection(SolutionConfigurationPlatforms) = preSolution
		Debug|x64 = Debug|x64
		Debug|x86 = Debug|x86
		Release|x64 = Release|x64
		Release|x86 = Release|x86
	EndGlobalSection
	GlobalSection(ProjectConfigurationPlatforms) = postSolution
		{36FDCD41-6C46-426B-8038-E2CCBAD4863F}.Debug|x64.ActiveCfg = Debug|x64
		{36FDCD41-6C46-426B-8038-E2CCBAD4863F}.Debug|x64.Build.0 = Debug|x64
		{36FDCD41-6C46-426B-8038-E2CCBAD4863F}.Debug|x86.ActiveCfg = Debug|Win32
		{36FDCD41-6C46-426B-8038-E2CCBAD4863F}.Debug|x86.Build.0 = Debug|Win32
		{36FDCD41-6C46-426B-8038-E2CCBAD4863F}.Release|x64.ActiveCfg = Release|x64
		{36FDCD41-6C46-426B-8038-E2CCBAD4863F}.Release|x64.Build.0 = Release|x64
		{36FDCD41-6C46-426B-8038-E2CCBAD4863F}.Release|x86.ActiveCfg = Release|Win32
		{36FDCD41-6C46-426B-8038-E2CCBAD4863F}.Release|x86.Build.0 = Release|Win32
		{A11BACB3-3E90-4ACE-A641-72DA52A1DFEB}.Debug|x64.ActiveCfg = Debug|x64
		{A11BACB3-3E90-4ACE-A641-72DA52A1DFEB}.Debug|x64.Build.0 = Debug|x64
		{A11BACB3-3E90-4ACE-A641-72DA52A1DFEB}.Debug|x86.ActiveCfg = Debug|Win32
		{A11BACB3-3E90-4ACE-A641-72DA52A1DFEB}.Debug|x86.Build.0 = Debug|Win32
		{A11BACB3-3E90-4ACE-A641-72DA52A1DFEB}.Release|x64.ActiveCfg = Release|x64
		{A11BACB3-3E90-4ACE-A641-72DA52A1DFEB}.Release|x64.Build.0 = Release|x64
		{A11BACB3-3E90-4ACE-A641-72DA52A1DFEB}.Release|x86.ActiveCfg = Release|Win32
		{A11BACB3-3E90-4ACE-A641-72DA52A1DFEB}.Release|x86.Build.0 = Release|Win32
	EndGlobalSection
	GlobalSection(SolutionProperties) = preSolution
		HideSolutionNode = FALSE
	EndGlobalSection
	GlobalSection(ExtensibilityGlobals) = postSolution
		SolutionGuid = {0559A22F-A44E-46CE-83E2-327D30769C09}
	EndGlobalSection
EndGlobal
